
Microsoft Visual Studio Solution File, Format Version 12.00
# Visual Studio Version 17
VisualStudioVersion = 17.7.33927.210
MinimumVisualStudioVersion = 10.0.40219.1
Project("{FAE04EC0-301F-11D3-BF4B-00C04F79EFBC}") = "GeometryLibrary", "GeometryLibrary\GeometryLibrary.csproj", "{A37407CD-9F3A-4F43-BF97-326736402A6A}"
EndProject
Project("{FAE04EC0-301F-11D3-BF4B-00C04F79EFBC}") = "GeometryLibraryTests", "GeometryLibraryTests\GeometryLibraryTests.csproj", "{6000CE23-2A96-4BDD-A629-E00BE7FC1C5E}"
EndProject
Global
	GlobalSection(SolutionConfigurationPlatforms) = preSolution
		Debug|Any CPU = Debug|Any CPU
		Release|Any CPU = Release|Any CPU
	EndGlobalSection
	GlobalSection(ProjectConfigurationPlatforms) = postSolution
		{A37407CD-9F3A-4F43-BF97-326736402A6A}.Debug|Any CPU.ActiveCfg = Debug|Any CPU
		{A37407CD-9F3A-4F43-BF97-326736402A6A}.Debug|Any CPU.Build.0 = Debug|Any CPU
		{A37407CD-9F3A-4F43-BF97-326736402A6A}.Release|Any CPU.ActiveCfg = Release|Any CPU
		{A37407CD-9F3A-4F43-BF97-326736402A6A}.Release|Any CPU.Build.0 = Release|Any CPU
		{6000CE23-2A96-4BDD-A629-E00BE7FC1C5E}.Debug|Any CPU.ActiveCfg = Debug|Any CPU
		{6000CE23-2A96-4BDD-A629-E00BE7FC1C5E}.Debug|Any CPU.Build.0 = Debug|Any CPU
		{6000CE23-2A96-4BDD-A629-E00BE7FC1C5E}.Release|Any CPU.ActiveCfg = Release|Any CPU
		{6000CE23-2A96-4BDD-A629-E00BE7FC1C5E}.Release|Any CPU.Build.0 = Release|Any CPU
	EndGlobalSection
	GlobalSection(SolutionProperties) = preSolution
		HideSolutionNode = FALSE
	EndGlobalSection
	GlobalSection(ExtensibilityGlobals) = postSolution
		SolutionGuid = {6E28593B-3372-4D69-A75E-F6C44C01CCFD}
	EndGlobalSection
EndGlobal
